// !$*UTF8*$!
{
	archiveVersion = 1;
	classes = {
	};
	objectVersion = 50;
	objects = {

/* Begin PBXBuildFile section */
		64558B0F21402DD8006EFEEF /* AppDelegate.swift in Sources */ = {isa = PBXBuildFile; fileRef = 64558B0E21402DD8006EFEEF /* AppDelegate.swift */; };
		64558B1121402DD8006EFEEF /* ViewController.swift in Sources */ = {isa = PBXBuildFile; fileRef = 64558B1021402DD8006EFEEF /* ViewController.swift */; };
		64558B1421402DD8006EFEEF /* Main.storyboard in Resources */ = {isa = PBXBuildFile; fileRef = 64558B1221402DD8006EFEEF /* Main.storyboard */; };
		64558B1621402DDA006EFEEF /* Assets.xcassets in Resources */ = {isa = PBXBuildFile; fileRef = 64558B1521402DDA006EFEEF /* Assets.xcassets */; };
		64558B1921402DDA006EFEEF /* LaunchScreen.storyboard in Resources */ = {isa = PBXBuildFile; fileRef = 64558B1721402DDA006EFEEF /* LaunchScreen.storyboard */; };
		64558B2421402DDA006EFEEF /* tipcalcTests.swift in Sources */ = {isa = PBXBuildFile; fileRef = 64558B2321402DDA006EFEEF /* tipcalcTests.swift */; };
		64558B2F21402DDA006EFEEF /* tipcalcUITests.swift in Sources */ = {isa = PBXBuildFile; fileRef = 64558B2E21402DDA006EFEEF /* tipcalcUITests.swift */; };
/* End PBXBuildFile section */

/* Begin PBXContainerItemProxy section */
		64558B2021402DDA006EFEEF /* PBXContainerItemProxy */ = {
			isa = PBXContainerItemProxy;
			containerPortal = 64558B0321402DD8006EFEEF /* Project object */;
			proxyType = 1;
			remoteGlobalIDString = 64558B0A21402DD8006EFEEF;
			remoteInfo = tipcalc;
		};
		64558B2B21402DDA006EFEEF /* PBXContainerItemProxy */ = {
			isa = PBXContainerItemProxy;
			containerPortal = 64558B0321402DD8006EFEEF /* Project object */;
			proxyType = 1;
			remoteGlobalIDString = 64558B0A21402DD8006EFEEF;
			remoteInfo = tipcalc;
		};
/* End PBXContainerItemProxy section */

/* Begin PBXFileReference section */
		64558B0B21402DD8006EFEEF /* tipcalc.app */ = {isa = PBXFileReference; explicitFileType = wrapper.application; includeInIndex = 0; path = tipcalc.app; sourceTree = BUILT_PRODUCTS_DIR; };
		64558B0E21402DD8006EFEEF /* AppDelegate.swift */ = {isa = PBXFileReference; lastKnownFileType = sourcecode.swift; path = AppDelegate.swift; sourceTree = "<group>"; };
		64558B1021402DD8006EFEEF /* ViewController.swift */ = {isa = PBXFileReference; lastKnownFileType = sourcecode.swift; path = ViewController.swift; sourceTree = "<group>"; };
		64558B1321402DD8006EFEEF /* Base */ = {isa = PBXFileReference; lastKnownFileType = file.storyboard; name = Base; path = Base.lproj/Main.storyboard; sourceTree = "<group>"; };
		64558B1521402DDA006EFEEF /* Assets.xcassets */ = {isa = PBXFileReference; lastKnownFileType = folder.assetcatalog; path = Assets.xcassets; sourceTree = "<group>"; };
		64558B1821402DDA006EFEEF /* Base */ = {isa = PBXFileReference; lastKnownFileType = file.storyboard; name = Base; path = Base.lproj/LaunchScreen.storyboard; sourceTree = "<group>"; };
		64558B1A21402DDA006EFEEF /* Info.plist */ = {isa = PBXFileReference; lastKnownFileType = text.plist.xml; path = Info.plist; sourceTree = "<group>"; };
		64558B1F21402DDA006EFEEF /* tipcalcTests.xctest */ = {isa = PBXFileReference; explicitFileType = wrapper.cfbundle; includeInIndex = 0; path = tipcalcTests.xctest; sourceTree = BUILT_PRODUCTS_DIR; };
		64558B2321402DDA006EFEEF /* tipcalcTests.swift */ = {isa = PBXFileReference; lastKnownFileType = sourcecode.swift; path = tipcalcTests.swift; sourceTree = "<group>"; };
		64558B2521402DDA006EFEEF /* Info.plist */ = {isa = PBXFileReference; lastKnownFileType = text.plist.xml; path = Info.plist; sourceTree = "<group>"; };
		64558B2A21402DDA006EFEEF /* tipcalcUITests.xctest */ = {isa = PBXFileReference; explicitFileType = wrapper.cfbundle; includeInIndex = 0; path = tipcalcUITests.xctest; sourceTree = BUILT_PRODUCTS_DIR; };
		64558B2E21402DDA006EFEEF /* tipcalcUITests.swift */ = {isa = PBXFileReference; lastKnownFileType = sourcecode.swift; path = tipcalcUITests.swift; sourceTree = "<group>"; };
		64558B3021402DDA006EFEEF /* Info.plist */ = {isa = PBXFileReference; lastKnownFileType = text.plist.xml; path = Info.plist; sourceTree = "<group>"; };
/* End PBXFileReference section */

/* Begin PBXFrameworksBuildPhase section */
		64558B0821402DD8006EFEEF /* Frameworks */ = {
			isa = PBXFrameworksBuildPhase;
			buildActionMask = 2147483647;
			files = (
			);
			runOnlyForDeploymentPostprocessing = 0;
		};
		64558B1C21402DDA006EFEEF /* Frameworks */ = {
			isa = PBXFrameworksBuildPhase;
			buildActionMask = 2147483647;
			files = (
			);
			runOnlyForDeploymentPostprocessing = 0;
		};
		64558B2721402DDA006EFEEF /* Frameworks */ = {
			isa = PBXFrameworksBuildPhase;
			buildActionMask = 2147483647;
			files = (
			);
			runOnlyForDeploymentPostprocessing = 0;
		};
/* End PBXFrameworksBuildPhase section */

/* Begin PBXGroup section */
		64558B0221402DD8006EFEEF = {
			isa = PBXGroup;
			children = (
				64558B0D21402DD8006EFEEF /* tipcalc */,
				64558B2221402DDA006EFEEF /* tipcalcTests */,
				64558B2D21402DDA006EFEEF /* tipcalcUITests */,
				64558B0C21402DD8006EFEEF /* Products */,
			);
			sourceTree = "<group>";
		};
		64558B0C21402DD8006EFEEF /* Products */ = {
			isa = PBXGroup;
			children = (
				64558B0B21402DD8006EFEEF /* tipcalc.app */,
				64558B1F21402DDA006EFEEF /* tipcalcTests.xctest */,
				64558B2A21402DDA006EFEEF /* tipcalcUITests.xctest */,
			);
			name = Products;
			sourceTree = "<group>";
		};
		64558B0D21402DD8006EFEEF /* tipcalc */ = {
			isa = PBXGroup;
			children = (
				64558B0E21402DD8006EFEEF /* AppDelegate.swift */,
				64558B1021402DD8006EFEEF /* ViewController.swift */,
				64558B1221402DD8006EFEEF /* Main.storyboard */,
				64558B1521402DDA006EFEEF /* Assets.xcassets */,
				64558B1721402DDA006EFEEF /* LaunchScreen.storyboard */,
				64558B1A21402DDA006EFEEF /* Info.plist */,
			);
			path = tipcalc;
			sourceTree = "<group>";
		};
		64558B2221402DDA006EFEEF /* tipcalcTests */ = {
			isa = PBXGroup;
			children = (
				64558B2321402DDA006EFEEF /* tipcalcTests.swift */,
				64558B2521402DDA006EFEEF /* Info.plist */,
			);
			path = tipcalcTests;
			sourceTree = "<group>";
		};
		64558B2D21402DDA006EFEEF /* tipcalcUITests */ = {
			isa = PBXGroup;
			children = (
				64558B2E21402DDA006EFEEF /* tipcalcUITests.swift */,
				64558B3021402DDA006EFEEF /* Info.plist */,
			);
			path = tipcalcUITests;
			sourceTree = "<group>";
		};
/* End PBXGroup section */

/* Begin PBXNativeTarget section */
		64558B0A21402DD8006EFEEF /* tipcalc */ = {
			isa = PBXNativeTarget;
			buildConfigurationList = 64558B3321402DDA006EFEEF /* Build configuration list for PBXNativeTarget "tipcalc" */;
			buildPhases = (
				64558B0721402DD8006EFEEF /* Sources */,
				64558B0821402DD8006EFEEF /* Frameworks */,
				64558B0921402DD8006EFEEF /* Resources */,
			);
			buildRules = (
			);
			dependencies = (
			);
			name = tipcalc;
			productName = tipcalc;
			productReference = 64558B0B21402DD8006EFEEF /* tipcalc.app */;
			productType = "com.apple.product-type.application";
		};
		64558B1E21402DDA006EFEEF /* tipcalcTests */ = {
			isa = PBXNativeTarget;
			buildConfigurationList = 64558B3621402DDA006EFEEF /* Build configuration list for PBXNativeTarget "tipcalcTests" */;
			buildPhases = (
				64558B1B21402DDA006EFEEF /* Sources */,
				64558B1C21402DDA006EFEEF /* Frameworks */,
				64558B1D21402DDA006EFEEF /* Resources */,
			);
			buildRules = (
			);
			dependencies = (
				64558B2121402DDA006EFEEF /* PBXTargetDependency */,
			);
			name = tipcalcTests;
			productName = tipcalcTests;
			productReference = 64558B1F21402DDA006EFEEF /* tipcalcTests.xctest */;
			productType = "com.apple.product-type.bundle.unit-test";
		};
		64558B2921402DDA006EFEEF /* tipcalcUITests */ = {
			isa = PBXNativeTarget;
			buildConfigurationList = 64558B3921402DDA006EFEEF /* Build configuration list for PBXNativeTarget "tipcalcUITests" */;
			buildPhases = (
				64558B2621402DDA006EFEEF /* Sources */,
				64558B2721402DDA006EFEEF /* Frameworks */,
				64558B2821402DDA006EFEEF /* Resources */,
			);
			buildRules = (
			);
			dependencies = (
				64558B2C21402DDA006EFEEF /* PBXTargetDependency */,
			);
			name = tipcalcUITests;
			productName = tipcalcUITests;
			productReference = 64558B2A21402DDA006EFEEF /* tipcalcUITests.xctest */;
			productType = "com.apple.product-type.bundle.ui-testing";
		};
/* End PBXNativeTarget section */

/* Begin PBXProject section */
		64558B0321402DD8006EFEEF /* Project object */ = {
			isa = PBXProject;
			attributes = {
				LastSwiftUpdateCheck = 0940;
				LastUpgradeCheck = 0940;
				ORGANIZATIONNAME = "Chris Q.";
				TargetAttributes = {
					64558B0A21402DD8006EFEEF = {
						CreatedOnToolsVersion = 9.4.1;
					};
					64558B1E21402DDA006EFEEF = {
						CreatedOnToolsVersion = 9.4.1;
						TestTargetID = 64558B0A21402DD8006EFEEF;
					};
					64558B2921402DDA006EFEEF = {
						CreatedOnToolsVersion = 9.4.1;
						TestTargetID = 64558B0A21402DD8006EFEEF;
					};
				};
			};
			buildConfigurationList = 64558B0621402DD8006EFEEF /* Build configuration list for PBXProject "tipcalc" */;
			compatibilityVersion = "Xcode 9.3";
			developmentRegion = en;
			hasScannedForEncodings = 0;
			knownRegions = (
				en,
				Base,
			);
			mainGroup = 64558B0221402DD8006EFEEF;
			productRefGroup = 64558B0C21402DD8006EFEEF /* Products */;
			projectDirPath = "";
			projectRoot = "";
			targets = (
				64558B0A21402DD8006EFEEF /* tipcalc */,
				64558B1E21402DDA006EFEEF /* tipcalcTests */,
				64558B2921402DDA006EFEEF /* tipcalcUITests */,
			);
		};
/* End PBXProject section */

/* Begin PBXResourcesBuildPhase section */
		64558B0921402DD8006EFEEF /* Resources */ = {
			isa = PBXResourcesBuildPhase;
			buildActionMask = 2147483647;
			files = (
				64558B1921402DDA006EFEEF /* LaunchScreen.storyboard in Resources */,
				64558B1621402DDA006EFEEF /* Assets.xcassets in Resources */,
				64558B1421402DD8006EFEEF /* Main.storyboard in Resources */,
			);
			runOnlyForDeploymentPostprocessing = 0;
		};
		64558B1D21402DDA006EFEEF /* Resources */ = {
			isa = PBXResourcesBuildPhase;
			buildActionMask = 2147483647;
			files = (
			);
			runOnlyForDeploymentPostprocessing = 0;
		};
		64558B2821402DDA006EFEEF /* Resources */ = {
			isa = PBXResourcesBuildPhase;
			buildActionMask = 2147483647;
			files = (
			);
			runOnlyForDeploymentPostprocessing = 0;
		};
/* End PBXResourcesBuildPhase section */

/* Begin PBXSourcesBuildPhase section */
		64558B0721402DD8006EFEEF /* Sources */ = {
			isa = PBXSourcesBuildPhase;
			buildActionMask = 2147483647;
			files = (
				64558B1121402DD8006EFEEF /* ViewController.swift in Sources */,
				64558B0F21402DD8006EFEEF /* AppDelegate.swift in Sources */,
			);
			runOnlyForDeploymentPostprocessing = 0;
		};
		64558B1B21402DDA006EFEEF /* Sources */ = {
			isa = PBXSourcesBuildPhase;
			buildActionMask = 2147483647;
			files = (
				64558B2421402DDA006EFEEF /* tipcalcTests.swift in Sources */,
			);
			runOnlyForDeploymentPostprocessing = 0;
		};
		64558B2621402DDA006EFEEF /* Sources */ = {
			isa = PBXSourcesBuildPhase;
			buildActionMask = 2147483647;
			files = (
				64558B2F21402DDA006EFEEF /* tipcalcUITests.swift in Sources */,
			);
			runOnlyForDeploymentPostprocessing = 0;
		};
/* End PBXSourcesBuildPhase section */

/* Begin PBXTargetDependency section */
		64558B2121402DDA006EFEEF /* PBXTargetDependency */ = {
			isa = PBXTargetDependency;
			target = 64558B0A21402DD8006EFEEF /* tipcalc */;
			targetProxy = 64558B2021402DDA006EFEEF /* PBXContainerItemProxy */;
		};
		64558B2C21402DDA006EFEEF /* PBXTargetDependency */ = {
			isa = PBXTargetDependency;
			target = 64558B0A21402DD8006EFEEF /* tipcalc */;
			targetProxy = 64558B2B21402DDA006EFEEF /* PBXContainerItemProxy */;
		};
/* End PBXTargetDependency section */

/* Begin PBXVariantGroup section */
		64558B1221402DD8006EFEEF /* Main.storyboard */ = {
			isa = PBXVariantGroup;
			children = (
				64558B1321402DD8006EFEEF /* Base */,
			);
			name = Main.storyboard;
			sourceTree = "<group>";
		};
		64558B1721402DDA006EFEEF /* LaunchScreen.storyboard */ = {
			isa = PBXVariantGroup;
			children = (
				64558B1821402DDA006EFEEF /* Base */,
			);
			name = LaunchScreen.storyboard;
			sourceTree = "<group>";
		};
/* End PBXVariantGroup section */

/* Begin XCBuildConfiguration section */
		64558B3121402DDA006EFEEF /* Debug */ = {
			isa = XCBuildConfiguration;
			buildSettings = {
				ALWAYS_SEARCH_USER_PATHS = NO;
				CLANG_ANALYZER_NONNULL = YES;
				CLANG_ANALYZER_NUMBER_OBJECT_CONVERSION = YES_AGGRESSIVE;
				CLANG_CXX_LANGUAGE_STANDARD = "gnu++14";
				CLANG_CXX_LIBRARY = "libc++";
				CLANG_ENABLE_MODULES = YES;
				CLANG_ENABLE_OBJC_ARC = YES;
				CLANG_ENABLE_OBJC_WEAK = YES;
				CLANG_WARN_BLOCK_CAPTURE_AUTORELEASING = YES;
				CLANG_WARN_BOOL_CONVERSION = YES;
				CLANG_WARN_COMMA = YES;
				CLANG_WARN_CONSTANT_CONVERSION = YES;
				CLANG_WARN_DEPRECATED_OBJC_IMPLEMENTATIONS = YES;
				CLANG_WARN_DIRECT_OBJC_ISA_USAGE = YES_ERROR;
				CLANG_WARN_DOCUMENTATION_COMMENTS = YES;
				CLANG_WARN_EMPTY_BODY = YES;
				CLANG_WARN_ENUM_CONVERSION = YES;
				CLANG_WARN_INFINITE_RECURSION = YES;
				CLANG_WARN_INT_CONVERSION = YES;
				CLANG_WARN_NON_LITERAL_NULL_CONVERSION = YES;
				CLANG_WARN_OBJC_IMPLICIT_RETAIN_SELF = YES;
				CLANG_WARN_OBJC_LITERAL_CONVERSION = YES;
				CLANG_WARN_OBJC_ROOT_CLASS = YES_ERROR;
				CLANG_WARN_RANGE_LOOP_ANALYSIS = YES;
				CLANG_WARN_STRICT_PROTOTYPES = YES;
				CLANG_WARN_SUSPICIOUS_MOVE = YES;
				CLANG_WARN_UNGUARDED_AVAILABILITY = YES_AGGRESSIVE;
				CLANG_WARN_UNREACHABLE_CODE = YES;
				CLANG_WARN__DUPLICATE_METHOD_MATCH = YES;
				CODE_SIGN_IDENTITY = "iPhone Developer";
				COPY_PHASE_STRIP = NO;
				DEBUG_INFORMATION_FORMAT = dwarf;
				ENABLE_STRICT_OBJC_MSGSEND = YES;
				ENABLE_TESTABILITY = YES;
				GCC_C_LANGUAGE_STANDARD = gnu11;
				GCC_DYNAMIC_NO_PIC = NO;
				GCC_NO_COMMON_BLOCKS = YES;
				GCC_OPTIMIZATION_LEVEL = 0;
				GCC_PREPROCESSOR_DEFINITIONS = (
					"DEBUG=1",
					"$(inherited)",
				);
				GCC_WARN_64_TO_32_BIT_CONVERSION = YES;
				GCC_WARN_ABOUT_RETURN_TYPE = YES_ERROR;
				GCC_WARN_UNDECLARED_SELECTOR = YES;
				GCC_WARN_UNINITIALIZED_AUTOS = YES_AGGRESSIVE;
				GCC_WARN_UNUSED_FUNCTION = YES;
				GCC_WARN_UNUSED_VARIABLE = YES;
				IPHONEOS_DEPLOYMENT_TARGET = 11.4;
				MTL_ENABLE_DEBUG_INFO = YES;
				ONLY_ACTIVE_ARCH = YES;
				SDKROOT = iphoneos;
				SWIFT_ACTIVE_COMPILATION_CONDITIONS = DEBUG;
				SWIFT_OPTIMIZATION_LEVEL = "-Onone";
			};
			name = Debug;
		};
		64558B3221402DDA006EFEEF /* Release */ = {
			isa = XCBuildConfiguration;
			buildSettings = {
				ALWAYS_SEARCH_USER_PATHS = NO;
				CLANG_ANALYZER_NONNULL = YES;
				CLANG_ANALYZER_NUMBER_OBJECT_CONVERSION = YES_AGGRESSIVE;
				CLANG_CXX_LANGUAGE_STANDARD = "gnu++14";
				CLANG_CXX_LIBRARY = "libc++";
				CLANG_ENABLE_MODULES = YES;
				CLANG_ENABLE_OBJC_ARC = YES;
				CLANG_ENABLE_OBJC_WEAK = YES;
				CLANG_WARN_BLOCK_CAPTURE_AUTORELEASING = YES;
				CLANG_WARN_BOOL_CONVERSION = YES;
				CLANG_WARN_COMMA = YES;
				CLANG_WARN_CONSTANT_CONVERSION = YES;
				CLANG_WARN_DEPRECATED_OBJC_IMPLEMENTATIONS = YES;
				CLANG_WARN_DIRECT_OBJC_ISA_USAGE = YES_ERROR;
				CLANG_WARN_DOCUMENTATION_COMMENTS = YES;
				CLANG_WARN_EMPTY_BODY = YES;
				CLANG_WARN_ENUM_CONVERSION = YES;
				CLANG_WARN_INFINITE_RECURSION = YES;
				CLANG_WARN_INT_CONVERSION = YES;
				CLANG_WARN_NON_LITERAL_NULL_CONVERSION = YES;
				CLANG_WARN_OBJC_IMPLICIT_RETAIN_SELF = YES;
				CLANG_WARN_OBJC_LITERAL_CONVERSION = YES;
				CLANG_WARN_OBJC_ROOT_CLASS = YES_ERROR;
				CLANG_WARN_RANGE_LOOP_ANALYSIS = YES;
				CLANG_WARN_STRICT_PROTOTYPES = YES;
				CLANG_WARN_SUSPICIOUS_MOVE = YES;
				CLANG_WARN_UNGUARDED_AVAILABILITY = YES_AGGRESSIVE;
				CLANG_WARN_UNREACHABLE_CODE = YES;
				CLANG_WARN__DUPLICATE_METHOD_MATCH = YES;
				CODE_SIGN_IDENTITY = "iPhone Developer";
				COPY_PHASE_STRIP = NO;
				DEBUG_INFORMATION_FORMAT = "dwarf-with-dsym";
				ENABLE_NS_ASSERTIONS = NO;
				ENABLE_STRICT_OBJC_MSGSEND = YES;
				GCC_C_LANGUAGE_STANDARD = gnu11;
				GCC_NO_COMMON_BLOCKS = YES;
				GCC_WARN_64_TO_32_BIT_CONVERSION = YES;
				GCC_WARN_ABOUT_RETURN_TYPE = YES_ERROR;
				GCC_WARN_UNDECLARED_SELECTOR = YES;
				GCC_WARN_UNINITIALIZED_AUTOS = YES_AGGRESSIVE;
				GCC_WARN_UNUSED_FUNCTION = YES;
				GCC_WARN_UNUSED_VARIABLE = YES;
				IPHONEOS_DEPLOYMENT_TARGET = 11.4;
				MTL_ENABLE_DEBUG_INFO = NO;
				SDKROOT = iphoneos;
				SWIFT_COMPILATION_MODE = wholemodule;
				SWIFT_OPTIMIZATION_LEVEL = "-O";
				VALIDATE_PRODUCT = YES;
			};
			name = Release;
		};
		64558B3421402DDA006EFEEF /* Debug */ = {
			isa = XCBuildConfiguration;
			buildSettings = {
				ASSETCATALOG_COMPILER_APPICON_NAME = AppIcon;
				CODE_SIGN_STYLE = Automatic;
				INFOPLIST_FILE = tipcalc/Info.plist;
				LD_RUNPATH_SEARCH_PATHS = (
					"$(inherited)",
					"@executable_path/Frameworks",
				);
				PRODUCT_BUNDLE_IDENTIFIER = ua.chrisq.tipcalc;
				PRODUCT_NAME = "$(TARGET_NAME)";
				SWIFT_VERSION = 4.0;
				TARGETED_DEVICE_FAMILY = "1,2";
			};
			name = Debug;
		};
		64558B3521402DDA006EFEEF /* Release */ = {
			isa = XCBuildConfiguration;
			buildSettings = {
				ASSETCATALOG_COMPILER_APPICON_NAME = AppIcon;
				CODE_SIGN_STYLE = Automatic;
				INFOPLIST_FILE = tipcalc/Info.plist;
				LD_RUNPATH_SEARCH_PATHS = (
					"$(inherited)",
					"@executable_path/Frameworks",
				);
				PRODUCT_BUNDLE_IDENTIFIER = ua.chrisq.tipcalc;
				PRODUCT_NAME = "$(TARGET_NAME)";
				SWIFT_VERSION = 4.0;
				TARGETED_DEVICE_FAMILY = "1,2";
			};
			name = Release;
		};
		64558B3721402DDA006EFEEF /* Debug */ = {
			isa = XCBuildConfiguration;
			buildSettings = {
				ALWAYS_EMBED_SWIFT_STANDARD_LIBRARIES = YES;
				BUNDLE_LOADER = "$(TEST_HOST)";
				CODE_SIGN_STYLE = Automatic;
				INFOPLIST_FILE = tipcalcTests/Info.plist;
				LD_RUNPATH_SEARCH_PATHS = (
					"$(inherited)",
					"@executable_path/Frameworks",
					"@loader_path/Frameworks",
				);
				PRODUCT_BUNDLE_IDENTIFIER = ua.chrisq.tipcalcTests;
				PRODUCT_NAME = "$(TARGET_NAME)";
				SWIFT_VERSION = 4.0;
				TARGETED_DEVICE_FAMILY = "1,2";
				TEST_HOST = "$(BUILT_PRODUCTS_DIR)/tipcalc.app/tipcalc";
			};
			name = Debug;
		};
		64558B3821402DDA006EFEEF /* Release */ = {
			isa = XCBuildConfiguration;
			buildSettings = {
				ALWAYS_EMBED_SWIFT_STANDARD_LIBRARIES = YES;
				BUNDLE_LOADER = "$(TEST_HOST)";
				CODE_SIGN_STYLE = Automatic;
				INFOPLIST_FILE = tipcalcTests/Info.plist;
				LD_RUNPATH_SEARCH_PATHS = (
					"$(inherited)",
					"@executable_path/Frameworks",
					"@loader_path/Frameworks",
				);
				PRODUCT_BUNDLE_IDENTIFIER = ua.chrisq.tipcalcTests;
				PRODUCT_NAME = "$(TARGET_NAME)";
				SWIFT_VERSION = 4.0;
				TARGETED_DEVICE_FAMILY = "1,2";
				TEST_HOST = "$(BUILT_PRODUCTS_DIR)/tipcalc.app/tipcalc";
			};
			name = Release;
		};
		64558B3A21402DDA006EFEEF /* Debug */ = {
			isa = XCBuildConfiguration;
			buildSettings = {
				ALWAYS_EMBED_SWIFT_STANDARD_LIBRARIES = YES;
				CODE_SIGN_STYLE = Automatic;
				INFOPLIST_FILE = tipcalcUITests/Info.plist;
				LD_RUNPATH_SEARCH_PATHS = (
					"$(inherited)",
					"@executable_path/Frameworks",
					"@loader_path/Frameworks",
				);
				PRODUCT_BUNDLE_IDENTIFIER = ua.chrisq.tipcalcUITests;
				PRODUCT_NAME = "$(TARGET_NAME)";
				SWIFT_VERSION = 4.0;
				TARGETED_DEVICE_FAMILY = "1,2";
				TEST_TARGET_NAME = tipcalc;
			};
			name = Debug;
		};
		64558B3B21402DDA006EFEEF /* Release */ = {
			isa = XCBuildConfiguration;
			buildSettings = {
				ALWAYS_EMBED_SWIFT_STANDARD_LIBRARIES = YES;
				CODE_SIGN_STYLE = Automatic;
				INFOPLIST_FILE = tipcalcUITests/Info.plist;
				LD_RUNPATH_SEARCH_PATHS = (
					"$(inherited)",
					"@executable_path/Frameworks",
					"@loader_path/Frameworks",
				);
				PRODUCT_BUNDLE_IDENTIFIER = ua.chrisq.tipcalcUITests;
				PRODUCT_NAME = "$(TARGET_NAME)";
				SWIFT_VERSION = 4.0;
				TARGETED_DEVICE_FAMILY = "1,2";
				TEST_TARGET_NAME = tipcalc;
			};
			name = Release;
		};
/* End XCBuildConfiguration section */

/* Begin XCConfigurationList section */
		64558B0621402DD8006EFEEF /* Build configuration list for PBXProject "tipcalc" */ = {
			isa = XCConfigurationList;
			buildConfigurations = (
				64558B3121402DDA006EFEEF /* Debug */,
				64558B3221402DDA006EFEEF /* Release */,
			);
			defaultConfigurationIsVisible = 0;
			defaultConfigurationName = Release;
		};
		64558B3321402DDA006EFEEF /* Build configuration list for PBXNativeTarget "tipcalc" */ = {
			isa = XCConfigurationList;
			buildConfigurations = (
				64558B3421402DDA006EFEEF /* Debug */,
				64558B3521402DDA006EFEEF /* Release */,
			);
			defaultConfigurationIsVisible = 0;
			defaultConfigurationName = Release;
		};
		64558B3621402DDA006EFEEF /* Build configuration list for PBXNativeTarget "tipcalcTests" */ = {
			isa = XCConfigurationList;
			buildConfigurations = (
				64558B3721402DDA006EFEEF /* Debug */,
				64558B3821402DDA006EFEEF /* Release */,
			);
			defaultConfigurationIsVisible = 0;
			defaultConfigurationName = Release;
		};
		64558B3921402DDA006EFEEF /* Build configuration list for PBXNativeTarget "tipcalcUITests" */ = {
			isa = XCConfigurationList;
			buildConfigurations = (
				64558B3A21402DDA006EFEEF /* Debug */,
				64558B3B21402DDA006EFEEF /* Release */,
			);
			defaultConfigurationIsVisible = 0;
			defaultConfigurationName = Release;
		};
/* End XCConfigurationList section */
	};
	rootObject = 64558B0321402DD8006EFEEF /* Project object */;
}
